
Microsoft Visual Studio Solution File, Format Version 12.00
# Visual Studio Version 16
VisualStudioVersion = 16.0.33927.289
MinimumVisualStudioVersion = 10.0.40219.1
Project("{2150E333-8FDC-42A3-9474-1A3956D46DE8}") = "Task0", "Task0", "{ACD23FC8-6A21-4DC8-8128-6B464F44378F}"
EndProject
Project("{FAE04EC0-301F-11D3-BF4B-00C04F79EFBC}") = "Tyuiu.RedikultsevaAA.Sprint2.Task0.V12", "Tyuiu.RedikultsevaAA.Sprint2.Task0.V12\Tyuiu.RedikultsevaAA.Sprint2.Task0.V12.csproj", "{B975BEF0-D9E7-4E47-91C9-EC2FFA9C4AC5}"
EndProject
Project("{FAE04EC0-301F-11D3-BF4B-00C04F79EFBC}") = "Tyuiu.RedikultsevaAA.Sprint2.Task0.V12.Lib", "Tyuiu.RedikultsevaAA.Sprint2.Task0.V12.Lib\Tyuiu.RedikultsevaAA.Sprint2.Task0.V12.Lib.csproj", "{4D66ADB3-8AE4-437E-9E1D-4BA995BDC141}"
EndProject
Project("{FAE04EC0-301F-11D3-BF4B-00C04F79EFBC}") = "Tyuiu.RedikultsevaAA.Sprint2.Task0.V12.Test", "Tyuiu.RedikultsevaAA.Sprint2.Task0.V12.Test\Tyuiu.RedikultsevaAA.Sprint2.Task0.V12.Test.csproj", "{B58E7B12-0423-45E4-BE21-F4645130123A}"
EndProject
Project("{2150E333-8FDC-42A3-9474-1A3956D46DE8}") = "Task1", "Task1", "{A6D51D03-CFFF-4AB5-9312-6EEB6DA53D72}"
EndProject
Project("{FAE04EC0-301F-11D3-BF4B-00C04F79EFBC}") = "Tyuiu.RedikultsevaAA.Sprint2.Task1.V3", "Tyuiu.RedikultsevaAA.Sprint2.Task1.V3\Tyuiu.RedikultsevaAA.Sprint2.Task1.V3.csproj", "{D620EC3E-38CF-43DF-9A84-05F2A415C50C}"
EndProject
Project("{FAE04EC0-301F-11D3-BF4B-00C04F79EFBC}") = "Tyuiu.RedikultsevaAA.Sprint2.Task1.V3.Test", "Tyuiu.RedikultsevaAA.Sprint2.Task1.V3.Test\Tyuiu.RedikultsevaAA.Sprint2.Task1.V3.Test.csproj", "{4E9F7A1F-A312-47D3-BEC6-53ADF1DA0D1C}"
EndProject
Project("{FAE04EC0-301F-11D3-BF4B-00C04F79EFBC}") = "Tyuiu.RedikultsevaAA.Sprint2.Task1.V3.Lib", "Tyuiu.RedikultsevaAA.Sprint2.Task1.V3.Lib\Tyuiu.RedikultsevaAA.Sprint2.Task1.V3.Lib.csproj", "{47314066-50E2-4F8D-9734-055C195745FD}"
EndProject
Project("{2150E333-8FDC-42A3-9474-1A3956D46DE8}") = "Task2", "Task2", "{7931B80B-7A91-48C6-9048-CEE2204638B4}"
EndProject
Project("{FAE04EC0-301F-11D3-BF4B-00C04F79EFBC}") = "Tyuiu.RedikultsevaAA.Sprint2.Task2.V11", "Tyuiu.RedikultsevaAA.Sprint2.Task2.V11\Tyuiu.RedikultsevaAA.Sprint2.Task2.V11.csproj", "{D0889725-2AB3-4F1E-8EF7-8A27B4B70C44}"
EndProject
Project("{FAE04EC0-301F-11D3-BF4B-00C04F79EFBC}") = "Tyuiu.RedikultsevaAA.Sprint2.Task2.V11.Lib", "Tyuiu.RedikultsevaAA.Sprint2.Task2.V11.Lib\Tyuiu.RedikultsevaAA.Sprint2.Task2.V11.Lib.csproj", "{96547EAE-9DEF-4424-BAF4-F67FA71C61A1}"
EndProject
Project("{FAE04EC0-301F-11D3-BF4B-00C04F79EFBC}") = "Tyuiu.RedikultsevaAA.Sprint2.Task2.V11.Test", "Tyuiu.RedikultsevaAA.Sprint2.Task2.V11.Test\Tyuiu.RedikultsevaAA.Sprint2.Task2.V11.Test.csproj", "{158000F7-027C-439B-A1DF-DEFD6B81BF22}"
EndProject
Project("{2150E333-8FDC-42A3-9474-1A3956D46DE8}") = "Task3", "Task3", "{24117138-7FA4-4E12-BECF-C1175121F90E}"
EndProject
Project("{FAE04EC0-301F-11D3-BF4B-00C04F79EFBC}") = "Tyuiu.RedikultsevaAA.Sprint2.Task3.V15", "Tyuiu.RedikultsevaAA.Sprint2.Task3.V15\Tyuiu.RedikultsevaAA.Sprint2.Task3.V15.csproj", "{405651DE-30E6-4595-B042-894E9E965E6F}"
EndProject
Project("{FAE04EC0-301F-11D3-BF4B-00C04F79EFBC}") = "Tyuiu.RedikultsevaAA.Sprint2.Task3.V15.Test", "Tyuiu.RedikultsevaAA.Sprint2.Task3.V15.Test\Tyuiu.RedikultsevaAA.Sprint2.Task3.V15.Test.csproj", "{28404114-B26D-4552-96DC-62D1D4FE5FDB}"
EndProject
Project("{FAE04EC0-301F-11D3-BF4B-00C04F79EFBC}") = "Tyuiu.RedikultsevaAA.Sprint2.Task3.V15.Lib", "Tyuiu.RedikultsevaAA.Sprint2.Task3.V15.Lib\Tyuiu.RedikultsevaAA.Sprint2.Task3.V15.Lib.csproj", "{35239E46-C73F-4DBD-AA9D-383166C63A5F}"
EndProject
Project("{2150E333-8FDC-42A3-9474-1A3956D46DE8}") = "Task4", "Task4", "{B20A7EF4-137B-4D44-9EB1-C138F21A3456}"
EndProject
Project("{FAE04EC0-301F-11D3-BF4B-00C04F79EFBC}") = "Tyuiu.RedikultsevaAA.Sprint2.Task4.V30", "Tyuiu.RedikultsevaAA.Sprint2.Task4.V30\Tyuiu.RedikultsevaAA.Sprint2.Task4.V30.csproj", "{83F2906B-4E2E-44B1-8EA9-9A7D831C276A}"
EndProject
Project("{FAE04EC0-301F-11D3-BF4B-00C04F79EFBC}") = "Tyuiu.RedikultsevaAA.Sprint2.Task4.V30.Lib", "Tyuiu.RedikultsevaAA.Sprint2.Task4.V30.Lib\Tyuiu.RedikultsevaAA.Sprint2.Task4.V30.Lib.csproj", "{636AD61B-1B31-401E-8926-D80BE7D7FA48}"
EndProject
Project("{FAE04EC0-301F-11D3-BF4B-00C04F79EFBC}") = "Tyuiu.RedikultsevaAA.Sprint2.Task4.V30.Test", "Tyuiu.RedikultsevaAA.Sprint2.Task4.V30.Test\Tyuiu.RedikultsevaAA.Sprint2.Task4.V30.Test.csproj", "{97AFB654-C69A-43B6-98F5-FE7663E9A00A}"
EndProject
Project("{2150E333-8FDC-42A3-9474-1A3956D46DE8}") = "Task5", "Task5", "{CF407F65-FF81-4D63-BE9E-8625E441EAFC}"
EndProject
Project("{FAE04EC0-301F-11D3-BF4B-00C04F79EFBC}") = "Tyuiu.RedikultsevaAA.Sprint2.Task5.V11", "Tyuiu.RedikultsevaAA.Sprint2.Task5.V11\Tyuiu.RedikultsevaAA.Sprint2.Task5.V11.csproj", "{9A2DA7B2-3AD9-4948-B248-04F1F4023777}"
EndProject
Project("{FAE04EC0-301F-11D3-BF4B-00C04F79EFBC}") = "Tyuiu.RedikultsevaAA.Sprint2.Task5.V11.Test", "Tyuiu.RedikultsevaAA.Sprint2.Task5.V11.Test\Tyuiu.RedikultsevaAA.Sprint2.Task5.V11.Test.csproj", "{B351E845-9950-4AE0-B6A8-82351D408BFA}"
EndProject
Project("{FAE04EC0-301F-11D3-BF4B-00C04F79EFBC}") = "Tyuiu.RedikultsevaAA.Sprint2.Task5.V11.Lib", "Tyuiu.RedikultsevaAA.Sprint2.Task5.V11.Lib\Tyuiu.RedikultsevaAA.Sprint2.Task5.V11.Lib.csproj", "{3013888D-43FD-46D9-A4DA-C2786322592A}"
EndProject
Project("{2150E333-8FDC-42A3-9474-1A3956D46DE8}") = "Task6", "Task6", "{465AD272-9F29-4E4C-B726-80755E24DA6A}"
EndProject
Project("{FAE04EC0-301F-11D3-BF4B-00C04F79EFBC}") = "Tyuiu.RedikultsevaAA.Sprint2.Task6.V7", "Tyuiu.RedikultsevaAA.Sprint2.Task6.V7\Tyuiu.RedikultsevaAA.Sprint2.Task6.V7.csproj", "{4CF890E6-89AD-428A-A42B-BFA85231C3B2}"
EndProject
Project("{FAE04EC0-301F-11D3-BF4B-00C04F79EFBC}") = "Tyuiu.RedikultsevaAA.Sprint2.Task6.V7.Lib", "Tyuiu.RedikultsevaAA.Sprint2.Task6.V7.Lib\Tyuiu.RedikultsevaAA.Sprint2.Task6.V7.Lib.csproj", "{748AB7D6-2699-430A-99B1-970B4C253423}"
EndProject
Project("{FAE04EC0-301F-11D3-BF4B-00C04F79EFBC}") = "Tyuiu.RedikultsevaAA.Sprint2.Task6.V7.Test", "Tyuiu.RedikultsevaAA.Sprint2.Task6.V7.Test\Tyuiu.RedikultsevaAA.Sprint2.Task6.V7.Test.csproj", "{502C689A-A389-40F8-B055-BDD62FE253C7}"
EndProject
Global
	GlobalSection(SolutionConfigurationPlatforms) = preSolution
		Debug|Any CPU = Debug|Any CPU
		Release|Any CPU = Release|Any CPU
	EndGlobalSection
	GlobalSection(ProjectConfigurationPlatforms) = postSolution
		{B975BEF0-D9E7-4E47-91C9-EC2FFA9C4AC5}.Debug|Any CPU.ActiveCfg = Debug|Any CPU
		{B975BEF0-D9E7-4E47-91C9-EC2FFA9C4AC5}.Debug|Any CPU.Build.0 = Debug|Any CPU
		{B975BEF0-D9E7-4E47-91C9-EC2FFA9C4AC5}.Release|Any CPU.ActiveCfg = Release|Any CPU
		{B975BEF0-D9E7-4E47-91C9-EC2FFA9C4AC5}.Release|Any CPU.Build.0 = Release|Any CPU
		{4D66ADB3-8AE4-437E-9E1D-4BA995BDC141}.Debug|Any CPU.ActiveCfg = Debug|Any CPU
		{4D66ADB3-8AE4-437E-9E1D-4BA995BDC141}.Debug|Any CPU.Build.0 = Debug|Any CPU
		{4D66ADB3-8AE4-437E-9E1D-4BA995BDC141}.Release|Any CPU.ActiveCfg = Release|Any CPU
		{4D66ADB3-8AE4-437E-9E1D-4BA995BDC141}.Release|Any CPU.Build.0 = Release|Any CPU
		{B58E7B12-0423-45E4-BE21-F4645130123A}.Debug|Any CPU.ActiveCfg = Debug|Any CPU
		{B58E7B12-0423-45E4-BE21-F4645130123A}.Debug|Any CPU.Build.0 = Debug|Any CPU
		{B58E7B12-0423-45E4-BE21-F4645130123A}.Release|Any CPU.ActiveCfg = Release|Any CPU
		{B58E7B12-0423-45E4-BE21-F4645130123A}.Release|Any CPU.Build.0 = Release|Any CPU
		{D620EC3E-38CF-43DF-9A84-05F2A415C50C}.Debug|Any CPU.ActiveCfg = Debug|Any CPU
		{D620EC3E-38CF-43DF-9A84-05F2A415C50C}.Debug|Any CPU.Build.0 = Debug|Any CPU
		{D620EC3E-38CF-43DF-9A84-05F2A415C50C}.Release|Any CPU.ActiveCfg = Release|Any CPU
		{D620EC3E-38CF-43DF-9A84-05F2A415C50C}.Release|Any CPU.Build.0 = Release|Any CPU
		{4E9F7A1F-A312-47D3-BEC6-53ADF1DA0D1C}.Debug|Any CPU.ActiveCfg = Debug|Any CPU
		{4E9F7A1F-A312-47D3-BEC6-53ADF1DA0D1C}.Debug|Any CPU.Build.0 = Debug|Any CPU
		{4E9F7A1F-A312-47D3-BEC6-53ADF1DA0D1C}.Release|Any CPU.ActiveCfg = Release|Any CPU
		{4E9F7A1F-A312-47D3-BEC6-53ADF1DA0D1C}.Release|Any CPU.Build.0 = Release|Any CPU
		{47314066-50E2-4F8D-9734-055C195745FD}.Debug|Any CPU.ActiveCfg = Debug|Any CPU
		{47314066-50E2-4F8D-9734-055C195745FD}.Debug|Any CPU.Build.0 = Debug|Any CPU
		{47314066-50E2-4F8D-9734-055C195745FD}.Release|Any CPU.ActiveCfg = Release|Any CPU
		{47314066-50E2-4F8D-9734-055C195745FD}.Release|Any CPU.Build.0 = Release|Any CPU
		{D0889725-2AB3-4F1E-8EF7-8A27B4B70C44}.Debug|Any CPU.ActiveCfg = Debug|Any CPU
		{D0889725-2AB3-4F1E-8EF7-8A27B4B70C44}.Debug|Any CPU.Build.0 = Debug|Any CPU
		{D0889725-2AB3-4F1E-8EF7-8A27B4B70C44}.Release|Any CPU.ActiveCfg = Release|Any CPU
		{D0889725-2AB3-4F1E-8EF7-8A27B4B70C44}.Release|Any CPU.Build.0 = Release|Any CPU
		{96547EAE-9DEF-4424-BAF4-F67FA71C61A1}.Debug|Any CPU.ActiveCfg = Debug|Any CPU
		{96547EAE-9DEF-4424-BAF4-F67FA71C61A1}.Debug|Any CPU.Build.0 = Debug|Any CPU
		{96547EAE-9DEF-4424-BAF4-F67FA71C61A1}.Release|Any CPU.ActiveCfg = Release|Any CPU
		{96547EAE-9DEF-4424-BAF4-F67FA71C61A1}.Release|Any CPU.Build.0 = Release|Any CPU
		{158000F7-027C-439B-A1DF-DEFD6B81BF22}.Debug|Any CPU.ActiveCfg = Debug|Any CPU
		{158000F7-027C-439B-A1DF-DEFD6B81BF22}.Debug|Any CPU.Build.0 = Debug|Any CPU
		{158000F7-027C-439B-A1DF-DEFD6B81BF22}.Release|Any CPU.ActiveCfg = Release|Any CPU
		{158000F7-027C-439B-A1DF-DEFD6B81BF22}.Release|Any CPU.Build.0 = Release|Any CPU
		{405651DE-30E6-4595-B042-894E9E965E6F}.Debug|Any CPU.ActiveCfg = Debug|Any CPU
		{405651DE-30E6-4595-B042-894E9E965E6F}.Debug|Any CPU.Build.0 = Debug|Any CPU
		{405651DE-30E6-4595-B042-894E9E965E6F}.Release|Any CPU.ActiveCfg = Release|Any CPU
		{405651DE-30E6-4595-B042-894E9E965E6F}.Release|Any CPU.Build.0 = Release|Any CPU
		{28404114-B26D-4552-96DC-62D1D4FE5FDB}.Debug|Any CPU.ActiveCfg = Debug|Any CPU
		{28404114-B26D-4552-96DC-62D1D4FE5FDB}.Debug|Any CPU.Build.0 = Debug|Any CPU
		{28404114-B26D-4552-96DC-62D1D4FE5FDB}.Release|Any CPU.ActiveCfg = Release|Any CPU
		{28404114-B26D-4552-96DC-62D1D4FE5FDB}.Release|Any CPU.Build.0 = Release|Any CPU
		{35239E46-C73F-4DBD-AA9D-383166C63A5F}.Debug|Any CPU.ActiveCfg = Debug|Any CPU
		{35239E46-C73F-4DBD-AA9D-383166C63A5F}.Debug|Any CPU.Build.0 = Debug|Any CPU
		{35239E46-C73F-4DBD-AA9D-383166C63A5F}.Release|Any CPU.ActiveCfg = Release|Any CPU
		{35239E46-C73F-4DBD-AA9D-383166C63A5F}.Release|Any CPU.Build.0 = Release|Any CPU
		{83F2906B-4E2E-44B1-8EA9-9A7D831C276A}.Debug|Any CPU.ActiveCfg = Debug|Any CPU
		{83F2906B-4E2E-44B1-8EA9-9A7D831C276A}.Debug|Any CPU.Build.0 = Debug|Any CPU
		{83F2906B-4E2E-44B1-8EA9-9A7D831C276A}.Release|Any CPU.ActiveCfg = Release|Any CPU
		{83F2906B-4E2E-44B1-8EA9-9A7D831C276A}.Release|Any CPU.Build.0 = Release|Any CPU
		{636AD61B-1B31-401E-8926-D80BE7D7FA48}.Debug|Any CPU.ActiveCfg = Debug|Any CPU
		{636AD61B-1B31-401E-8926-D80BE7D7FA48}.Debug|Any CPU.Build.0 = Debug|Any CPU
		{636AD61B-1B31-401E-8926-D80BE7D7FA48}.Release|Any CPU.ActiveCfg = Release|Any CPU
		{636AD61B-1B31-401E-8926-D80BE7D7FA48}.Release|Any CPU.Build.0 = Release|Any CPU
		{97AFB654-C69A-43B6-98F5-FE7663E9A00A}.Debug|Any CPU.ActiveCfg = Debug|Any CPU
		{97AFB654-C69A-43B6-98F5-FE7663E9A00A}.Debug|Any CPU.Build.0 = Debug|Any CPU
		{97AFB654-C69A-43B6-98F5-FE7663E9A00A}.Release|Any CPU.ActiveCfg = Release|Any CPU
		{97AFB654-C69A-43B6-98F5-FE7663E9A00A}.Release|Any CPU.Build.0 = Release|Any CPU
		{9A2DA7B2-3AD9-4948-B248-04F1F4023777}.Debug|Any CPU.ActiveCfg = Debug|Any CPU
		{9A2DA7B2-3AD9-4948-B248-04F1F4023777}.Debug|Any CPU.Build.0 = Debug|Any CPU
		{9A2DA7B2-3AD9-4948-B248-04F1F4023777}.Release|Any CPU.ActiveCfg = Release|Any CPU
		{9A2DA7B2-3AD9-4948-B248-04F1F4023777}.Release|Any CPU.Build.0 = Release|Any CPU
		{B351E845-9950-4AE0-B6A8-82351D408BFA}.Debug|Any CPU.ActiveCfg = Debug|Any CPU
		{B351E845-9950-4AE0-B6A8-82351D408BFA}.Debug|Any CPU.Build.0 = Debug|Any CPU
		{B351E845-9950-4AE0-B6A8-82351D408BFA}.Release|Any CPU.ActiveCfg = Release|Any CPU
		{B351E845-9950-4AE0-B6A8-82351D408BFA}.Release|Any CPU.Build.0 = Release|Any CPU
		{3013888D-43FD-46D9-A4DA-C2786322592A}.Debug|Any CPU.ActiveCfg = Debug|Any CPU
		{3013888D-43FD-46D9-A4DA-C2786322592A}.Debug|Any CPU.Build.0 = Debug|Any CPU
		{3013888D-43FD-46D9-A4DA-C2786322592A}.Release|Any CPU.ActiveCfg = Release|Any CPU
		{3013888D-43FD-46D9-A4DA-C2786322592A}.Release|Any CPU.Build.0 = Release|Any CPU
		{4CF890E6-89AD-428A-A42B-BFA85231C3B2}.Debug|Any CPU.ActiveCfg = Debug|Any CPU
		{4CF890E6-89AD-428A-A42B-BFA85231C3B2}.Debug|Any CPU.Build.0 = Debug|Any CPU
		{4CF890E6-89AD-428A-A42B-BFA85231C3B2}.Release|Any CPU.ActiveCfg = Release|Any CPU
		{4CF890E6-89AD-428A-A42B-BFA85231C3B2}.Release|Any CPU.Build.0 = Release|Any CPU
		{748AB7D6-2699-430A-99B1-970B4C253423}.Debug|Any CPU.ActiveCfg = Debug|Any CPU
		{748AB7D6-2699-430A-99B1-970B4C253423}.Debug|Any CPU.Build.0 = Debug|Any CPU
		{748AB7D6-2699-430A-99B1-970B4C253423}.Release|Any CPU.ActiveCfg = Release|Any CPU
		{748AB7D6-2699-430A-99B1-970B4C253423}.Release|Any CPU.Build.0 = Release|Any CPU
		{502C689A-A389-40F8-B055-BDD62FE253C7}.Debug|Any CPU.ActiveCfg = Debug|Any CPU
		{502C689A-A389-40F8-B055-BDD62FE253C7}.Debug|Any CPU.Build.0 = Debug|Any CPU
		{502C689A-A389-40F8-B055-BDD62FE253C7}.Release|Any CPU.ActiveCfg = Release|Any CPU
		{502C689A-A389-40F8-B055-BDD62FE253C7}.Release|Any CPU.Build.0 = Release|Any CPU
	EndGlobalSection
	GlobalSection(SolutionProperties) = preSolution
		HideSolutionNode = FALSE
	EndGlobalSection
	GlobalSection(NestedProjects) = preSolution
		{B975BEF0-D9E7-4E47-91C9-EC2FFA9C4AC5} = {ACD23FC8-6A21-4DC8-8128-6B464F44378F}
		{4D66ADB3-8AE4-437E-9E1D-4BA995BDC141} = {ACD23FC8-6A21-4DC8-8128-6B464F44378F}
		{B58E7B12-0423-45E4-BE21-F4645130123A} = {ACD23FC8-6A21-4DC8-8128-6B464F44378F}
		{D620EC3E-38CF-43DF-9A84-05F2A415C50C} = {A6D51D03-CFFF-4AB5-9312-6EEB6DA53D72}
		{4E9F7A1F-A312-47D3-BEC6-53ADF1DA0D1C} = {A6D51D03-CFFF-4AB5-9312-6EEB6DA53D72}
		{47314066-50E2-4F8D-9734-055C195745FD} = {A6D51D03-CFFF-4AB5-9312-6EEB6DA53D72}
		{D0889725-2AB3-4F1E-8EF7-8A27B4B70C44} = {7931B80B-7A91-48C6-9048-CEE2204638B4}
		{96547EAE-9DEF-4424-BAF4-F67FA71C61A1} = {7931B80B-7A91-48C6-9048-CEE2204638B4}
		{158000F7-027C-439B-A1DF-DEFD6B81BF22} = {7931B80B-7A91-48C6-9048-CEE2204638B4}
		{405651DE-30E6-4595-B042-894E9E965E6F} = {24117138-7FA4-4E12-BECF-C1175121F90E}
		{28404114-B26D-4552-96DC-62D1D4FE5FDB} = {24117138-7FA4-4E12-BECF-C1175121F90E}
		{35239E46-C73F-4DBD-AA9D-383166C63A5F} = {24117138-7FA4-4E12-BECF-C1175121F90E}
		{83F2906B-4E2E-44B1-8EA9-9A7D831C276A} = {B20A7EF4-137B-4D44-9EB1-C138F21A3456}
		{636AD61B-1B31-401E-8926-D80BE7D7FA48} = {B20A7EF4-137B-4D44-9EB1-C138F21A3456}
		{97AFB654-C69A-43B6-98F5-FE7663E9A00A} = {B20A7EF4-137B-4D44-9EB1-C138F21A3456}
		{9A2DA7B2-3AD9-4948-B248-04F1F4023777} = {CF407F65-FF81-4D63-BE9E-8625E441EAFC}
		{B351E845-9950-4AE0-B6A8-82351D408BFA} = {CF407F65-FF81-4D63-BE9E-8625E441EAFC}
		{3013888D-43FD-46D9-A4DA-C2786322592A} = {CF407F65-FF81-4D63-BE9E-8625E441EAFC}
		{4CF890E6-89AD-428A-A42B-BFA85231C3B2} = {465AD272-9F29-4E4C-B726-80755E24DA6A}
		{748AB7D6-2699-430A-99B1-970B4C253423} = {465AD272-9F29-4E4C-B726-80755E24DA6A}
		{502C689A-A389-40F8-B055-BDD62FE253C7} = {465AD272-9F29-4E4C-B726-80755E24DA6A}
	EndGlobalSection
	GlobalSection(ExtensibilityGlobals) = postSolution
		SolutionGuid = {40044395-7F99-4361-A493-828CC123D49B}
	EndGlobalSection
EndGlobal
